# This file was autogenerated by Stack.
# You should not edit this file by hand.
# For more information, please see the documentation at:
#   https://docs.haskellstack.org/en/stable/lock_files

packages:
- completed:
    hackage: binary-0.8.8.0@sha256:e9387a7ef2b34c6a23b09664c306e37cc01ae2cb4e4511a1c96ffb14008c24b0,6262
    pantry-tree:
      size: 1976
      sha256: 271cd1e75af293fc25a489d860f094dc635a4ed8b56aa5b343c58f4637736ca3
  original:
    hackage: binary-0.8.8.0
- completed:
    hackage: Cabal-3.2.1.0@sha256:8743076ec022296f9771d962000c9ca3a0fe02e68c37b992c63e382a675f791d,27482
    pantry-tree:
      size: 41224
      sha256: 92682a2aab8d967de341acff88525376eb9a31f53f094e0878c51c2886564f3a
  original:
    hackage: Cabal-3.2.1.0
- completed:
    hackage: containers-0.6.3.1@sha256:b30e55ff8cc74a5a272b56f94a531cbdab4992980ebfbb6b3516aa41fcfad422,2507
    pantry-tree:
      size: 2823
      sha256: 8045ecf07824e345d54db9232707ced3596ace9907ad3129a29b1ac3dcec6de1
  original:
    hackage: containers-0.6.3.1
- completed:
    hackage: ghc-boot-8.8.3@sha256:93063d769a4f405e990e59febeff556a4fb43631c46b466e3b16799dca01ec67,1884
    pantry-tree:
      size: 461
      sha256: fdda08f0348f4118714222105a2a5f3f804ecc35be5680ddf03f2081ef73fe52
  original:
    hackage: ghc-boot-8.8.3
- completed:
    hackage: ghc-boot-th-8.8.3@sha256:88234d62c32bad9c0abea6c66f52da566a7aa67c737f3886dfb35d8a86a2c38d,1125
    pantry-tree:
      size: 300
      sha256: f7f274ad632c998190eea85300c3da01d9eb48a257440f9a1452a7baa97ae708
  original:
    hackage: ghc-boot-th-8.8.3
- completed:
    hackage: parsec-3.1.14.0@sha256:2b7a30ad13b66ed4ae1c8b3b76f7b26f102f63fe4abc48663113686b0d68d2f7,4356
    pantry-tree:
      size: 2574
      sha256: 92087fa7a43fb2ddcb629b5ad468744bca44da0281137f696939e60f65053afa
  original:
    hackage: parsec-3.1.14.0
- completed:
    hackage: text-1.2.4.0@sha256:8c24450feb8e3bbb7ea3e17af24ef57e85db077c4bf53e5bcc345b283d1b1d5b,10081
    pantry-tree:
      size: 7457
      sha256: 3437b0a73ce2ae1a81aa8b3438d41a85981c00894cdbee0d6d6d6873046a5d5d
  original:
    hackage: text-1.2.4.0
snapshots:
- completed:
    size: 533252
    url: https://raw.githubusercontent.com/commercialhaskell/stackage-snapshots/master/lts/16/26.yaml
    sha256: cdbc5db9c1afe80a5998247939027a0c7db92fa0f20b5cd01596ec3da628b622
  original:
    url: https://raw.githubusercontent.com/commercialhaskell/stackage-snapshots/master/lts/16/26.yaml
